
Microsoft Visual Studio Solution File, Format Version 12.00
# Visual Studio Version 16
VisualStudioVersion = 16.0.30002.166
MinimumVisualStudioVersion = 10.0.40219.1
Project("{FAE04EC0-301F-11D3-BF4B-00C04F79EFBC}") = "Entities", "Entities\Entities.csproj", "{B882E6B7-EA61-4E0B-AA5D-C998FB39028F}"
EndProject
Project("{FAE04EC0-301F-11D3-BF4B-00C04F79EFBC}") = "DataAccess", "DataAccess\DataAccess.csproj", "{469DB066-739E-48F1-B92D-9A8EE1CD8C92}"
EndProject
Project("{FAE04EC0-301F-11D3-BF4B-00C04F79EFBC}") = "Business", "Business\Business.csproj", "{8F49B18E-F080-43E8-8082-C7842D920A9A}"
EndProject
Project("{FAE04EC0-301F-11D3-BF4B-00C04F79EFBC}") = "Core", "Core\Core.csproj", "{F2D53693-4990-4960-A195-437BD09EF5EE}"
EndProject
Project("{FAE04EC0-301F-11D3-BF4B-00C04F79EFBC}") = "WebAPI", "WebAPI\WebAPI.csproj", "{DDB3AC32-470C-4ED4-B8CF-42D06081BD27}"
EndProject
Global
	GlobalSection(SolutionConfigurationPlatforms) = preSolution
		Debug|Any CPU = Debug|Any CPU
		Release|Any CPU = Release|Any CPU
	EndGlobalSection
	GlobalSection(ProjectConfigurationPlatforms) = postSolution
		{B882E6B7-EA61-4E0B-AA5D-C998FB39028F}.Debug|Any CPU.ActiveCfg = Debug|Any CPU
		{B882E6B7-EA61-4E0B-AA5D-C998FB39028F}.Debug|Any CPU.Build.0 = Debug|Any CPU
		{B882E6B7-EA61-4E0B-AA5D-C998FB39028F}.Release|Any CPU.ActiveCfg = Release|Any CPU
		{B882E6B7-EA61-4E0B-AA5D-C998FB39028F}.Release|Any CPU.Build.0 = Release|Any CPU
		{469DB066-739E-48F1-B92D-9A8EE1CD8C92}.Debug|Any CPU.ActiveCfg = Debug|Any CPU
		{469DB066-739E-48F1-B92D-9A8EE1CD8C92}.Debug|Any CPU.Build.0 = Debug|Any CPU
		{469DB066-739E-48F1-B92D-9A8EE1CD8C92}.Release|Any CPU.ActiveCfg = Release|Any CPU
		{469DB066-739E-48F1-B92D-9A8EE1CD8C92}.Release|Any CPU.Build.0 = Release|Any CPU
		{8F49B18E-F080-43E8-8082-C7842D920A9A}.Debug|Any CPU.ActiveCfg = Debug|Any CPU
		{8F49B18E-F080-43E8-8082-C7842D920A9A}.Debug|Any CPU.Build.0 = Debug|Any CPU
		{8F49B18E-F080-43E8-8082-C7842D920A9A}.Release|Any CPU.ActiveCfg = Release|Any CPU
		{8F49B18E-F080-43E8-8082-C7842D920A9A}.Release|Any CPU.Build.0 = Release|Any CPU
		{F2D53693-4990-4960-A195-437BD09EF5EE}.Debug|Any CPU.ActiveCfg = Debug|Any CPU
		{F2D53693-4990-4960-A195-437BD09EF5EE}.Debug|Any CPU.Build.0 = Debug|Any CPU
		{F2D53693-4990-4960-A195-437BD09EF5EE}.Release|Any CPU.ActiveCfg = Release|Any CPU
		{F2D53693-4990-4960-A195-437BD09EF5EE}.Release|Any CPU.Build.0 = Release|Any CPU
		{DDB3AC32-470C-4ED4-B8CF-42D06081BD27}.Debug|Any CPU.ActiveCfg = Debug|Any CPU
		{DDB3AC32-470C-4ED4-B8CF-42D06081BD27}.Debug|Any CPU.Build.0 = Debug|Any CPU
		{DDB3AC32-470C-4ED4-B8CF-42D06081BD27}.Release|Any CPU.ActiveCfg = Release|Any CPU
		{DDB3AC32-470C-4ED4-B8CF-42D06081BD27}.Release|Any CPU.Build.0 = Release|Any CPU
	EndGlobalSection
	GlobalSection(SolutionProperties) = preSolution
		HideSolutionNode = FALSE
	EndGlobalSection
	GlobalSection(ExtensibilityGlobals) = postSolution
		SolutionGuid = {D665BEF2-2EE5-41B3-9464-FC6D34153193}
	EndGlobalSection
EndGlobal
